
Microsoft Visual Studio Solution File, Format Version 12.00
# Visual Studio 15
VisualStudioVersion = 15.0.26403.7
MinimumVisualStudioVersion = 10.0.40219.1
Project("{FAE04EC0-301F-11D3-BF4B-00C04F79EFBC}") = "Parser", "Parser\Parser.csproj", "{D3596D48-CC47-4FD9-AE46-1D3F68D8392D}"
EndProject
Project("{FAE04EC0-301F-11D3-BF4B-00C04F79EFBC}") = "ParserTest", "ParserTest\ParserTest.csproj", "{4287E630-7CE3-4105-BB71-175318F187E5}"
EndProject
Project("{2150E333-8FDC-42A3-9474-1A3956D46DE8}") = "Solution Items", "Solution Items", "{3A843F1C-1DFE-49A5-B202-3FA8AB506600}"
	ProjectSection(SolutionItems) = preProject
		D:\Workspace\School\School\Blok 12\Design Patterns 1\circuits\Circuit1_FullAdder.txt = D:\Workspace\School\School\Blok 12\Design Patterns 1\circuits\Circuit1_FullAdder.txt
	EndProjectSection
EndProject
Project("{FAE04EC0-301F-11D3-BF4B-00C04F79EFBC}") = "Core", "Core\Core.csproj", "{8CC78675-64CC-4194-8B81-9C216FC1DCF2}"
EndProject
Project("{FAE04EC0-301F-11D3-BF4B-00C04F79EFBC}") = "BuilderTest", "BuilderTest\BuilderTest.csproj", "{F145EEAD-6361-4843-954B-71F093834154}"
EndProject
Project("{FAE04EC0-301F-11D3-BF4B-00C04F79EFBC}") = "View", "View\View.csproj", "{D72349DF-C3C4-4E40-993C-13E51ED09B19}"
EndProject
Global
	GlobalSection(SolutionConfigurationPlatforms) = preSolution
		Debug|Any CPU = Debug|Any CPU
		Release|Any CPU = Release|Any CPU
	EndGlobalSection
	GlobalSection(ProjectConfigurationPlatforms) = postSolution
		{D3596D48-CC47-4FD9-AE46-1D3F68D8392D}.Debug|Any CPU.ActiveCfg = Debug|Any CPU
		{D3596D48-CC47-4FD9-AE46-1D3F68D8392D}.Debug|Any CPU.Build.0 = Debug|Any CPU
		{D3596D48-CC47-4FD9-AE46-1D3F68D8392D}.Release|Any CPU.ActiveCfg = Release|Any CPU
		{D3596D48-CC47-4FD9-AE46-1D3F68D8392D}.Release|Any CPU.Build.0 = Release|Any CPU
		{4287E630-7CE3-4105-BB71-175318F187E5}.Debug|Any CPU.ActiveCfg = Debug|Any CPU
		{4287E630-7CE3-4105-BB71-175318F187E5}.Debug|Any CPU.Build.0 = Debug|Any CPU
		{4287E630-7CE3-4105-BB71-175318F187E5}.Release|Any CPU.ActiveCfg = Release|Any CPU
		{4287E630-7CE3-4105-BB71-175318F187E5}.Release|Any CPU.Build.0 = Release|Any CPU
		{8CC78675-64CC-4194-8B81-9C216FC1DCF2}.Debug|Any CPU.ActiveCfg = Debug|Any CPU
		{8CC78675-64CC-4194-8B81-9C216FC1DCF2}.Debug|Any CPU.Build.0 = Debug|Any CPU
		{8CC78675-64CC-4194-8B81-9C216FC1DCF2}.Release|Any CPU.ActiveCfg = Release|Any CPU
		{8CC78675-64CC-4194-8B81-9C216FC1DCF2}.Release|Any CPU.Build.0 = Release|Any CPU
		{F145EEAD-6361-4843-954B-71F093834154}.Debug|Any CPU.ActiveCfg = Debug|Any CPU
		{F145EEAD-6361-4843-954B-71F093834154}.Debug|Any CPU.Build.0 = Debug|Any CPU
		{F145EEAD-6361-4843-954B-71F093834154}.Release|Any CPU.ActiveCfg = Release|Any CPU
		{F145EEAD-6361-4843-954B-71F093834154}.Release|Any CPU.Build.0 = Release|Any CPU
		{D72349DF-C3C4-4E40-993C-13E51ED09B19}.Debug|Any CPU.ActiveCfg = Debug|Any CPU
		{D72349DF-C3C4-4E40-993C-13E51ED09B19}.Debug|Any CPU.Build.0 = Debug|Any CPU
		{D72349DF-C3C4-4E40-993C-13E51ED09B19}.Release|Any CPU.ActiveCfg = Release|Any CPU
		{D72349DF-C3C4-4E40-993C-13E51ED09B19}.Release|Any CPU.Build.0 = Release|Any CPU
	EndGlobalSection
	GlobalSection(SolutionProperties) = preSolution
		HideSolutionNode = FALSE
	EndGlobalSection
EndGlobal
